
Microsoft Visual Studio Solution File, Format Version 12.00
# Visual Studio 15
VisualStudioVersion = 15.0.27004.2002
MinimumVisualStudioVersion = 10.0.40219.1
Project("{8BC9CEB8-8B4A-11D0-8D11-00A0C91BC942}") = "C8E6", "C8E6\C8E6.vcxproj", "{CE063570-234B-4C95-9B42-00226E675A05}"
EndProject
Global
	GlobalSection(SolutionConfigurationPlatforms) = preSolution
		Debug|x64 = Debug|x64
		Debug|x86 = Debug|x86
		Release|x64 = Release|x64
		Release|x86 = Release|x86
	EndGlobalSection
	GlobalSection(ProjectConfigurationPlatforms) = postSolution
		{CE063570-234B-4C95-9B42-00226E675A05}.Debug|x64.ActiveCfg = Debug|x64
		{CE063570-234B-4C95-9B42-00226E675A05}.Debug|x64.Build.0 = Debug|x64
		{CE063570-234B-4C95-9B42-00226E675A05}.Debug|x86.ActiveCfg = Debug|Win32
		{CE063570-234B-4C95-9B42-00226E675A05}.Debug|x86.Build.0 = Debug|Win32
		{CE063570-234B-4C95-9B42-00226E675A05}.Release|x64.ActiveCfg = Release|x64
		{CE063570-234B-4C95-9B42-00226E675A05}.Release|x64.Build.0 = Release|x64
		{CE063570-234B-4C95-9B42-00226E675A05}.Release|x86.ActiveCfg = Release|Win32
		{CE063570-234B-4C95-9B42-00226E675A05}.Release|x86.Build.0 = Release|Win32
	EndGlobalSection
	GlobalSection(SolutionProperties) = preSolution
		HideSolutionNode = FALSE
	EndGlobalSection
	GlobalSection(ExtensibilityGlobals) = postSolution
		SolutionGuid = {2800B337-1C95-40E7-BD50-C3BD42D3FB63}
	EndGlobalSection
EndGlobal
