
Microsoft Visual Studio Solution File, Format Version 12.00
# Visual Studio 15
VisualStudioVersion = 15.0.27004.2002
MinimumVisualStudioVersion = 10.0.40219.1
Project("{8BC9CEB8-8B4A-11D0-8D11-00A0C91BC942}") = "C11E2", "C11E2\C11E2.vcxproj", "{8938450B-27C8-42FC-A24A-B23F1D030655}"
EndProject
Global
	GlobalSection(SolutionConfigurationPlatforms) = preSolution
		Debug|x64 = Debug|x64
		Debug|x86 = Debug|x86
		Release|x64 = Release|x64
		Release|x86 = Release|x86
	EndGlobalSection
	GlobalSection(ProjectConfigurationPlatforms) = postSolution
		{8938450B-27C8-42FC-A24A-B23F1D030655}.Debug|x64.ActiveCfg = Debug|x64
		{8938450B-27C8-42FC-A24A-B23F1D030655}.Debug|x64.Build.0 = Debug|x64
		{8938450B-27C8-42FC-A24A-B23F1D030655}.Debug|x86.ActiveCfg = Debug|Win32
		{8938450B-27C8-42FC-A24A-B23F1D030655}.Debug|x86.Build.0 = Debug|Win32
		{8938450B-27C8-42FC-A24A-B23F1D030655}.Release|x64.ActiveCfg = Release|x64
		{8938450B-27C8-42FC-A24A-B23F1D030655}.Release|x64.Build.0 = Release|x64
		{8938450B-27C8-42FC-A24A-B23F1D030655}.Release|x86.ActiveCfg = Release|Win32
		{8938450B-27C8-42FC-A24A-B23F1D030655}.Release|x86.Build.0 = Release|Win32
	EndGlobalSection
	GlobalSection(SolutionProperties) = preSolution
		HideSolutionNode = FALSE
	EndGlobalSection
	GlobalSection(ExtensibilityGlobals) = postSolution
		SolutionGuid = {4E9C6AE8-BA06-4B3F-A1C7-E3777B5170BA}
	EndGlobalSection
EndGlobal
